NeoBundleLock VimClojure 2a17c249571395a7f45523d38cac6a9326ecf8f1
NeoBundleLock lightline.vim 6c64730b04d82f2eeb4c11cc907bf17c13543a93
NeoBundleLock molokai c67bdfcdb31415aa0ade7f8c003261700a885476
NeoBundleLock neobundle.vim 0541b3becbb796a3a4c58c91620cde664527179b
NeoBundleLock neocomplete 4c108ddadcf44c83c2ee38e5ac0dc8b0b31ed9a8
NeoBundleLock neosnippet ac6ac62a5bf259f2db5aaf0751b919b377d1a9b2
NeoBundleLock neosnippet-snippets 1c6dacb99fcbeb186646ecafda3f07e07484b326
NeoBundleLock open-browser.vim 61169d9c614cfead929be33b279e4e644d2c7c55
NeoBundleLock previm b130f24277e3c6a5afa3984921516b0a83b31d28
NeoBundleLock syntastic 17a4c01236323bec9dba1c2a99e6fe2b6d22c2df
NeoBundleLock systemverilog.vim 20ad11ddc385ba22867fe7248c5869363e136510
NeoBundleLock unite-colorscheme 3aa33866a183f7659594a3f6b66b2334eaebc6a0
NeoBundleLock unite.vim 98e9f3922b058145a0de08c5eb47990d34175252
NeoBundleLock vim-alignta cb3d593c48d7d3aef829b5aff49ddade24417a9f
NeoBundleLock vim-commentary e0f4850d78137a35b9461c530078bd77f39e4dce
NeoBundleLock vim-indent-guides 49bde6fa30648345ffabfe55b3a095a293568a2e
NeoBundleLock vim-markdown 6764c57a44362da5ce0bf142f996c45e63b0a581
NeoBundleLock vim-quickrun da5328d0aec495e4dc25232fd769a8a2e56d8f7d
NeoBundleLock vim-slime 7c1b6dc04c2858a59bc6e43e2a5f4afe59e4e56d
NeoBundleLock vim-surround 2d05440ad23f97a7874ebd9b5de3a0e65d25d85c
NeoBundleLock vim-textmanip 5382160a3a1831de711079ad62982eccb3f34016
NeoBundleLock vimfiler.vim 0e6f615df4fb53783cc35d6aa07b6f9937a7583e
NeoBundleLock vimproc aa075b9b56839e1adb08421d2e9837f90e59acad
NeoBundleLock vimshell a5b3d99ba84e76cf94195c37ab762aef5f7b6e25
